
Microsoft Visual Studio Solution File, Format Version 12.00
# Visual Studio 2013
VisualStudioVersion = 12.0.30501.0
MinimumVisualStudioVersion = 10.0.40219.1
Project("{FAE04EC0-301F-11D3-BF4B-00C04F79EFBC}") = "IMDB.Models", "IMDB.Models\IMDB.Models.csproj", "{D03BE1AD-12DB-4C2E-A974-A8801BB5B66D}"
EndProject
Project("{FAE04EC0-301F-11D3-BF4B-00C04F79EFBC}") = "ReadWriteZipFiles", "ReadWriteZipFiles\ReadWriteZipFiles.csproj", "{400F1D35-EF13-4660-BF91-B29BE80C9B49}"
EndProject
Global
	GlobalSection(SolutionConfigurationPlatforms) = preSolution
		Debug|Any CPU = Debug|Any CPU
		Release|Any CPU = Release|Any CPU
	EndGlobalSection
	GlobalSection(ProjectConfigurationPlatforms) = postSolution
		{D03BE1AD-12DB-4C2E-A974-A8801BB5B66D}.Debug|Any CPU.ActiveCfg = Debug|Any CPU
		{D03BE1AD-12DB-4C2E-A974-A8801BB5B66D}.Debug|Any CPU.Build.0 = Debug|Any CPU
		{D03BE1AD-12DB-4C2E-A974-A8801BB5B66D}.Release|Any CPU.ActiveCfg = Release|Any CPU
		{D03BE1AD-12DB-4C2E-A974-A8801BB5B66D}.Release|Any CPU.Build.0 = Release|Any CPU
		{400F1D35-EF13-4660-BF91-B29BE80C9B49}.Debug|Any CPU.ActiveCfg = Debug|Any CPU
		{400F1D35-EF13-4660-BF91-B29BE80C9B49}.Debug|Any CPU.Build.0 = Debug|Any CPU
		{400F1D35-EF13-4660-BF91-B29BE80C9B49}.Release|Any CPU.ActiveCfg = Release|Any CPU
		{400F1D35-EF13-4660-BF91-B29BE80C9B49}.Release|Any CPU.Build.0 = Release|Any CPU
	EndGlobalSection
	GlobalSection(SolutionProperties) = preSolution
		HideSolutionNode = FALSE
	EndGlobalSection
EndGlobal
